
Microsoft Visual Studio Solution File, Format Version 12.00
# Visual Studio Version 16
VisualStudioVersion = 16.0.34407.143
MinimumVisualStudioVersion = 10.0.40219.1
Project("{FAE04EC0-301F-11D3-BF4B-00C04F79EFBC}") = "ArraysandLists", "ArraysandLists\ArraysandLists.csproj", "{EB6226A0-4030-41CD-B1BB-1F601023153D}"
EndProject
Global
	GlobalSection(SolutionConfigurationPlatforms) = preSolution
		Debug|Any CPU = Debug|Any CPU
		Release|Any CPU = Release|Any CPU
	EndGlobalSection
	GlobalSection(ProjectConfigurationPlatforms) = postSolution
		{EB6226A0-4030-41CD-B1BB-1F601023153D}.Debug|Any CPU.ActiveCfg = Debug|Any CPU
		{EB6226A0-4030-41CD-B1BB-1F601023153D}.Debug|Any CPU.Build.0 = Debug|Any CPU
		{EB6226A0-4030-41CD-B1BB-1F601023153D}.Release|Any CPU.ActiveCfg = Release|Any CPU
		{EB6226A0-4030-41CD-B1BB-1F601023153D}.Release|Any CPU.Build.0 = Release|Any CPU
	EndGlobalSection
	GlobalSection(SolutionProperties) = preSolution
		HideSolutionNode = FALSE
	EndGlobalSection
	GlobalSection(ExtensibilityGlobals) = postSolution
		SolutionGuid = {70D6A34F-671A-42AF-B8A2-395487C9D770}
	EndGlobalSection
EndGlobal
