
Microsoft Visual Studio Solution File, Format Version 12.00
# Visual Studio Version 16
VisualStudioVersion = 16.0.34407.143
MinimumVisualStudioVersion = 10.0.40219.1
Project("{FAE04EC0-301F-11D3-BF4B-00C04F79EFBC}") = "CarInsurance", "CarInsurance\CarInsurance.csproj", "{99F688CE-5100-4E15-B0D9-DA322BB9181E}"
EndProject
Global
	GlobalSection(SolutionConfigurationPlatforms) = preSolution
		Debug|Any CPU = Debug|Any CPU
		Release|Any CPU = Release|Any CPU
	EndGlobalSection
	GlobalSection(ProjectConfigurationPlatforms) = postSolution
		{99F688CE-5100-4E15-B0D9-DA322BB9181E}.Debug|Any CPU.ActiveCfg = Debug|Any CPU
		{99F688CE-5100-4E15-B0D9-DA322BB9181E}.Debug|Any CPU.Build.0 = Debug|Any CPU
		{99F688CE-5100-4E15-B0D9-DA322BB9181E}.Release|Any CPU.ActiveCfg = Release|Any CPU
		{99F688CE-5100-4E15-B0D9-DA322BB9181E}.Release|Any CPU.Build.0 = Release|Any CPU
	EndGlobalSection
	GlobalSection(SolutionProperties) = preSolution
		HideSolutionNode = FALSE
	EndGlobalSection
	GlobalSection(ExtensibilityGlobals) = postSolution
		SolutionGuid = {B839796B-78F8-4CF4-B8BE-4220F0A0DEB0}
	EndGlobalSection
EndGlobal
