
Microsoft Visual Studio Solution File, Format Version 12.00
# Visual Studio Version 16
VisualStudioVersion = 16.0.34407.143
MinimumVisualStudioVersion = 10.0.40219.1
Project("{FAE04EC0-301F-11D3-BF4B-00C04F79EFBC}") = "Main_Method", "Main_Method\Main_Method.csproj", "{5C86FA08-3AD6-4477-BD5D-6C6F75158337}"
EndProject
Global
	GlobalSection(SolutionConfigurationPlatforms) = preSolution
		Debug|Any CPU = Debug|Any CPU
		Release|Any CPU = Release|Any CPU
	EndGlobalSection
	GlobalSection(ProjectConfigurationPlatforms) = postSolution
		{5C86FA08-3AD6-4477-BD5D-6C6F75158337}.Debug|Any CPU.ActiveCfg = Debug|Any CPU
		{5C86FA08-3AD6-4477-BD5D-6C6F75158337}.Debug|Any CPU.Build.0 = Debug|Any CPU
		{5C86FA08-3AD6-4477-BD5D-6C6F75158337}.Release|Any CPU.ActiveCfg = Release|Any CPU
		{5C86FA08-3AD6-4477-BD5D-6C6F75158337}.Release|Any CPU.Build.0 = Release|Any CPU
	EndGlobalSection
	GlobalSection(SolutionProperties) = preSolution
		HideSolutionNode = FALSE
	EndGlobalSection
	GlobalSection(ExtensibilityGlobals) = postSolution
		SolutionGuid = {FF564C4B-C2A0-48F2-89BA-EDD50D0683C7}
	EndGlobalSection
EndGlobal
